
Microsoft Visual Studio Solution File, Format Version 12.00
# Visual Studio 2012
Project("{FAE04EC0-301F-11D3-BF4B-00C04F79EFBC}") = "PersonalEntity", "PersonalEntity.csproj", "{ED1ABF08-E46A-4746-AB6A-7A85F11E600E}"
EndProject
Global
	GlobalSection(SolutionConfigurationPlatforms) = preSolution
		Debug|Any CPU = Debug|Any CPU
		Release|Any CPU = Release|Any CPU
	EndGlobalSection
	GlobalSection(ProjectConfigurationPlatforms) = postSolution
		{ED1ABF08-E46A-4746-AB6A-7A85F11E600E}.Debug|Any CPU.ActiveCfg = Debug|Any CPU
		{ED1ABF08-E46A-4746-AB6A-7A85F11E600E}.Debug|Any CPU.Build.0 = Debug|Any CPU
		{ED1ABF08-E46A-4746-AB6A-7A85F11E600E}.Release|Any CPU.ActiveCfg = Release|Any CPU
		{ED1ABF08-E46A-4746-AB6A-7A85F11E600E}.Release|Any CPU.Build.0 = Release|Any CPU
	EndGlobalSection
	GlobalSection(SolutionProperties) = preSolution
		HideSolutionNode = FALSE
	EndGlobalSection
EndGlobal
